github.com/octaine-dev/lib v0.0.0-20210119135512-ff017a77dca8 h1:W1hymwZVV7FZvEng5QkWoD00uAIUo1VDdbUzzEkOAZQ=
github.com/octaine-dev/lib v0.0.0-20210119135512-ff017a77dca8/go.mod h1:8qGiN4GFdOmrBrQ6BbBKMpZ+SWWNbnKTdW7jRzLAJig=
github.com/octaine-dev/lib v0.0.0-20210119140440-01165fd00a85 h1:6sGkFw1bCa0v5hDdik7tJRAkK18COL0DHQb3uIghPBM=
github.com/octaine-dev/lib v0.0.0-20210119140440-01165fd00a85/go.mod h1:8qGiN4GFdOmrBrQ6BbBKMpZ+SWWNbnKTdW7jRzLAJig=
